
Microsoft Visual Studio Solution File, Format Version 12.00
# Visual Studio 15
VisualStudioVersion = 15.0.27004.2005
MinimumVisualStudioVersion = 10.0.40219.1
Project("{2150E333-8FDC-42A3-9474-1A3956D46DE8}") = "06 UI", "06 UI", "{B04E1037-7141-48B3-9EE4-457824CDDE80}"
EndProject
Project("{2150E333-8FDC-42A3-9474-1A3956D46DE8}") = "02 Common", "02 Common", "{5581B6BF-5B3A-44AF-BC40-7D4A9873E83B}"
EndProject
Project("{FAE04EC0-301F-11D3-BF4B-00C04F79EFBC}") = "FAR.EL.Common", "FAR.EL.Common\FAR.EL.Common.csproj", "{7941BED7-1C20-4972-B1D3-80B429D8C682}"
EndProject
Project("{FAE04EC0-301F-11D3-BF4B-00C04F79EFBC}") = "FAR.EL.WinApp", "FAR.EL.WinApp\FAR.EL.WinApp.csproj", "{2D1E33A2-765D-4C60-B8EA-F11AE016789E}"
EndProject
Project("{2150E333-8FDC-42A3-9474-1A3956D46DE8}") = "07 Demo", "07 Demo", "{B9CA221D-87AC-4E8E-87D5-FDEE05191283}"
EndProject
Project("{FAE04EC0-301F-11D3-BF4B-00C04F79EFBC}") = "FAR.EL.WebApp", "FAR.EL.WebApp\FAR.EL.WebApp.csproj", "{88CE3BF0-9DA5-4F33-BB41-368CC076B5FF}"
EndProject
Project("{2150E333-8FDC-42A3-9474-1A3956D46DE8}") = "03 DAL", "03 DAL", "{A6996F8F-1CB3-4E2F-B63F-3451771D8E7A}"
EndProject
Project("{FAE04EC0-301F-11D3-BF4B-00C04F79EFBC}") = "FAR.EL.DAL", "FAR.EL.DAL\FAR.EL.DAL.csproj", "{96B6B023-2D39-432D-AA46-3CB6803FBB97}"
EndProject
Project("{FAE04EC0-301F-11D3-BF4B-00C04F79EFBC}") = "FAR.EL.IDAL", "FAR.EL.IDAL\FAR.EL.IDAL.csproj", "{36045865-0A5B-4979-A0C9-8B7A5A3D36CA}"
EndProject
Project("{FAE04EC0-301F-11D3-BF4B-00C04F79EFBC}") = "FAR.EL.DALFactory", "FAR.EL.DALFactory\FAR.EL.DALFactory.csproj", "{738DCDE4-8860-4668-A7EF-FCBF9CB0B452}"
EndProject
Project("{FAE04EC0-301F-11D3-BF4B-00C04F79EFBC}") = "FAR.EL.TDAL", "FAR.EL.TDAL\FAR.EL.TDAL.csproj", "{6CFBC46B-19DA-4C86-9A8A-20108F8C53B3}"
EndProject
Project("{FAE04EC0-301F-11D3-BF4B-00C04F79EFBC}") = "FAR.EL.TEST", "FAR.EL.TEST\FAR.EL.TEST.csproj", "{AE53BD12-62E5-471A-94C2-32D85701691A}"
EndProject
Global
	GlobalSection(SolutionConfigurationPlatforms) = preSolution
		Debug|Any CPU = Debug|Any CPU
		Release|Any CPU = Release|Any CPU
	EndGlobalSection
	GlobalSection(ProjectConfigurationPlatforms) = postSolution
		{7941BED7-1C20-4972-B1D3-80B429D8C682}.Debug|Any CPU.ActiveCfg = Debug|Any CPU
		{7941BED7-1C20-4972-B1D3-80B429D8C682}.Debug|Any CPU.Build.0 = Debug|Any CPU
		{7941BED7-1C20-4972-B1D3-80B429D8C682}.Release|Any CPU.ActiveCfg = Release|Any CPU
		{7941BED7-1C20-4972-B1D3-80B429D8C682}.Release|Any CPU.Build.0 = Release|Any CPU
		{2D1E33A2-765D-4C60-B8EA-F11AE016789E}.Debug|Any CPU.ActiveCfg = Debug|Any CPU
		{2D1E33A2-765D-4C60-B8EA-F11AE016789E}.Debug|Any CPU.Build.0 = Debug|Any CPU
		{2D1E33A2-765D-4C60-B8EA-F11AE016789E}.Release|Any CPU.ActiveCfg = Release|Any CPU
		{2D1E33A2-765D-4C60-B8EA-F11AE016789E}.Release|Any CPU.Build.0 = Release|Any CPU
		{88CE3BF0-9DA5-4F33-BB41-368CC076B5FF}.Debug|Any CPU.ActiveCfg = Debug|Any CPU
		{88CE3BF0-9DA5-4F33-BB41-368CC076B5FF}.Debug|Any CPU.Build.0 = Debug|Any CPU
		{88CE3BF0-9DA5-4F33-BB41-368CC076B5FF}.Release|Any CPU.ActiveCfg = Release|Any CPU
		{88CE3BF0-9DA5-4F33-BB41-368CC076B5FF}.Release|Any CPU.Build.0 = Release|Any CPU
		{96B6B023-2D39-432D-AA46-3CB6803FBB97}.Debug|Any CPU.ActiveCfg = Debug|Any CPU
		{96B6B023-2D39-432D-AA46-3CB6803FBB97}.Debug|Any CPU.Build.0 = Debug|Any CPU
		{96B6B023-2D39-432D-AA46-3CB6803FBB97}.Release|Any CPU.ActiveCfg = Release|Any CPU
		{96B6B023-2D39-432D-AA46-3CB6803FBB97}.Release|Any CPU.Build.0 = Release|Any CPU
		{36045865-0A5B-4979-A0C9-8B7A5A3D36CA}.Debug|Any CPU.ActiveCfg = Debug|Any CPU
		{36045865-0A5B-4979-A0C9-8B7A5A3D36CA}.Debug|Any CPU.Build.0 = Debug|Any CPU
		{36045865-0A5B-4979-A0C9-8B7A5A3D36CA}.Release|Any CPU.ActiveCfg = Release|Any CPU
		{36045865-0A5B-4979-A0C9-8B7A5A3D36CA}.Release|Any CPU.Build.0 = Release|Any CPU
		{738DCDE4-8860-4668-A7EF-FCBF9CB0B452}.Debug|Any CPU.ActiveCfg = Debug|Any CPU
		{738DCDE4-8860-4668-A7EF-FCBF9CB0B452}.Debug|Any CPU.Build.0 = Debug|Any CPU
		{738DCDE4-8860-4668-A7EF-FCBF9CB0B452}.Release|Any CPU.ActiveCfg = Release|Any CPU
		{738DCDE4-8860-4668-A7EF-FCBF9CB0B452}.Release|Any CPU.Build.0 = Release|Any CPU
		{6CFBC46B-19DA-4C86-9A8A-20108F8C53B3}.Debug|Any CPU.ActiveCfg = Debug|Any CPU
		{6CFBC46B-19DA-4C86-9A8A-20108F8C53B3}.Debug|Any CPU.Build.0 = Debug|Any CPU
		{6CFBC46B-19DA-4C86-9A8A-20108F8C53B3}.Release|Any CPU.ActiveCfg = Release|Any CPU
		{6CFBC46B-19DA-4C86-9A8A-20108F8C53B3}.Release|Any CPU.Build.0 = Release|Any CPU
		{AE53BD12-62E5-471A-94C2-32D85701691A}.Debug|Any CPU.ActiveCfg = Debug|Any CPU
		{AE53BD12-62E5-471A-94C2-32D85701691A}.Debug|Any CPU.Build.0 = Debug|Any CPU
		{AE53BD12-62E5-471A-94C2-32D85701691A}.Release|Any CPU.ActiveCfg = Release|Any CPU
		{AE53BD12-62E5-471A-94C2-32D85701691A}.Release|Any CPU.Build.0 = Release|Any CPU
	EndGlobalSection
	GlobalSection(SolutionProperties) = preSolution
		HideSolutionNode = FALSE
	EndGlobalSection
	GlobalSection(NestedProjects) = preSolution
		{7941BED7-1C20-4972-B1D3-80B429D8C682} = {5581B6BF-5B3A-44AF-BC40-7D4A9873E83B}
		{2D1E33A2-765D-4C60-B8EA-F11AE016789E} = {B04E1037-7141-48B3-9EE4-457824CDDE80}
		{88CE3BF0-9DA5-4F33-BB41-368CC076B5FF} = {B04E1037-7141-48B3-9EE4-457824CDDE80}
		{96B6B023-2D39-432D-AA46-3CB6803FBB97} = {A6996F8F-1CB3-4E2F-B63F-3451771D8E7A}
		{36045865-0A5B-4979-A0C9-8B7A5A3D36CA} = {A6996F8F-1CB3-4E2F-B63F-3451771D8E7A}
		{738DCDE4-8860-4668-A7EF-FCBF9CB0B452} = {A6996F8F-1CB3-4E2F-B63F-3451771D8E7A}
		{6CFBC46B-19DA-4C86-9A8A-20108F8C53B3} = {A6996F8F-1CB3-4E2F-B63F-3451771D8E7A}
		{AE53BD12-62E5-471A-94C2-32D85701691A} = {B9CA221D-87AC-4E8E-87D5-FDEE05191283}
	EndGlobalSection
	GlobalSection(ExtensibilityGlobals) = postSolution
		SolutionGuid = {660861F3-6A11-4755-8FC9-3DCF947D9CEE}
	EndGlobalSection
EndGlobal
